<?xml version="1.0" encoding="utf-8"?>
<Project ToolsVersion="4.0" xmlns="http://schemas.microsoft.com/developer/msbuild/2003">
  <ItemGroup>
    <Filter Include="Character">
      <UniqueIdentifier>{927a7351-491a-427e-9f0b-56af701caa69}</UniqueIdentifier>
    </Filter>
    <Filter Include="Character\Header">
      <UniqueIdentifier>{7d04a51f-6bcd-4037-accd-0bd4665e1aa7}</UniqueIdentifier>
    </Filter>
    <Filter Include="Character\Source">
      <UniqueIdentifier>{fd3185f1-9e23-47e7-9960-0fb4db182992}</UniqueIdentifier>
    </Filter>
    <Filter Include="Game Folder">
      <UniqueIdentifier>{68e19e12-88a0-4009-82bf-3f45b508fedd}</UniqueIdentifier>
    </Filter>
    <Filter Include="Game Folder\Header">
      <UniqueIdentifier>{b9ab7cef-72a5-418a-a021-238fd52bc1ea}</UniqueIdentifier>
    </Filter>
    <Filter Include="Game Folder\Source">
      <UniqueIdentifier>{656e2407-387b-490b-8c3c-89f61204bff9}</UniqueIdentifier>
    </Filter>
    <Filter Include="Game Folder\Levels">
      <UniqueIdentifier>{e5b0fcec-07b7-44fe-beaf-54b92ede7933}</UniqueIdentifier>
    </Filter>
    <Filter Include="Engine">
      <UniqueIdentifier>{c0215e40-f3f1-484f-a825-2e1ea5cc08cc}</UniqueIdentifier>
    </Filter>
    <Filter Include="Engine\Source Files">
      <UniqueIdentifier>{4FC737F1-C7A5-4376-A066-2A32D752A2FF}</UniqueIdentifier>
      <Extensions>cpp;c;cc;cxx;def;odl;idl;hpj;bat;asm;asmx</Extensions>
    </Filter>
    <Filter Include="Engine\PhysicsEngine">
      <UniqueIdentifier>{87648ef9-5fbb-47f4-be55-30bd6075a4f3}</UniqueIdentifier>
    </Filter>
    <Filter Include="Engine\PhysicsEngine\Header Files">
      <UniqueIdentifier>{1dd78ea8-235a-4031-955f-e99b7e101091}</UniqueIdentifier>
    </Filter>
    <Filter Include="Engine\PhysicsEngine\Source">
      <UniqueIdentifier>{74d4f7a2-dbaa-486b-9b2b-3543b4c22027}</UniqueIdentifier>
    </Filter>
    <Filter Include="Engine\Resource Files">
      <UniqueIdentifier>{67DA6AB6-F800-4c08-8B7A-83BB121AAD01}</UniqueIdentifier>
      <Extensions>rc;ico;cur;bmp;dlg;rc2;rct;bin;rgs;gif;jpg;jpeg;jpe;resx;tiff;tif;png;wav;mfcribbon-ms</Extensions>
    </Filter>
    <Filter Include="Engine\Graphics">
      <UniqueIdentifier>{67829cd9-70b1-4abd-958b-7fc5f2755950}</UniqueIdentifier>
    </Filter>
    <Filter Include="Engine\Graphics\Source">
      <UniqueIdentifier>{355431a8-8038-48cd-ab74-07074fc11f49}</UniqueIdentifier>
    </Filter>
    <Filter Include="Engine\Graphics\Header">
      <UniqueIdentifier>{9d4fbb44-3e09-4402-b222-8bfcc21b21d7}</UniqueIdentifier>
    </Filter>
    <Filter Include="Engine\Graphics\ImGui">
      <UniqueIdentifier>{fce3c5e8-b94d-4f6b-bb3a-db0391454d4d}</UniqueIdentifier>
    </Filter>
    <Filter Include="Engine\Graphics\ImGui\Source">
      <UniqueIdentifier>{904e76de-32b9-4855-a09a-fc509c5ed637}</UniqueIdentifier>
    </Filter>
    <Filter Include="Engine\Graphics\ImGui\Header">
      <UniqueIdentifier>{b66b1fc4-5c32-4254-8bdb-90d5f66db4e5}</UniqueIdentifier>
    </Filter>
    <Filter Include="Engine\Header Files">
      <UniqueIdentifier>{93995380-89BD-4b04-88EB-625FBE52EBFB}</UniqueIdentifier>
      <Extensions>h;hh;hpp;hxx;hm;inl;inc;ipp;xsd</Extensions>
    </Filter>
    <Filter Include="Shader">
      <UniqueIdentifier>{5abc95ce-bd46-482d-a7b7-b0090aaa3488}</UniqueIdentifier>
    </Filter>
    <Filter Include="Engine\Sound">
      <UniqueIdentifier>{64a92d62-b624-48bf-962f-315a40523564}</UniqueIdentifier>
    </Filter>
    <Filter Include="Engine\Sound\Header">
      <UniqueIdentifier>{4d1e5bde-40d7-48cf-a839-0a57c88e9090}</UniqueIdentifier>
    </Filter>
    <Filter Include="Engine\Sound\Source">
      <UniqueIdentifier>{2d72598b-1fec-4791-8136-6e43e6a3203f}</UniqueIdentifier>
    </Filter>
    <Filter Include="Engine\AI">
      <UniqueIdentifier>{f3ca6a8b-84ef-475e-bf97-c6a8a9f8c618}</UniqueIdentifier>
    </Filter>
    <Filter Include="Engine\AI\Header">
      <UniqueIdentifier>{a8a87acb-6ed7-49e3-8541-f70685517d0e}</UniqueIdentifier>
    </Filter>
    <Filter Include="Engine\AI\Source">
      <UniqueIdentifier>{16888108-d432-47ab-9037-c122ddd209cf}</UniqueIdentifier>
    </Filter>
    <Filter Include="Shader\PS">
      <UniqueIdentifier>{5efeb194-4cfa-45c3-99c5-74870f833c6d}</UniqueIdentifier>
    </Filter>
    <Filter Include="Shader\VS">
      <UniqueIdentifier>{f7d9faf9-5506-4a12-9b99-87552643cac6}</UniqueIdentifier>
    </Filter>
    <Filter Include="Shader\HLSLI">
      <UniqueIdentifier>{52d4e594-545d-42dc-b1d2-a0c983d02838}</UniqueIdentifier>
    </Filter>
    <Filter Include="Shader\Compute">
      <UniqueIdentifier>{5140f156-f144-42ba-95e9-2bbbdf671786}</UniqueIdentifier>
    </Filter>
    <Filter Include="Engine\AI\Pathfinding">
      <UniqueIdentifier>{166b493f-16f8-4941-9d76-5fa193192c89}</UniqueIdentifier>
    </Filter>
    <Filter Include="Engine\AI\Pathfinding\Header">
      <UniqueIdentifier>{1538b32c-976e-451f-9b60-92a775ead540}</UniqueIdentifier>
    </Filter>
    <Filter Include="Engine\AI\Pathfinding\Source">
      <UniqueIdentifier>{ec6f7fef-99fd-4d9d-97c7-18963d51fdf1}</UniqueIdentifier>
    </Filter>
  </ItemGroup>
  <ItemGroup>
    <ClCompile Include="WinMain.cpp">
      <Filter>Engine\Source Files</Filter>
    </ClCompile>
    <ClCompile Include="Keyboard.cpp">
      <Filter>Engine\Source Files</Filter>
    </ClCompile>
    <ClCompile Include="AppTimer.cpp">
      <Filter>Engine\Source Files</Filter>
    </ClCompile>
    <ClCompile Include="Graphics.cpp">
      <Filter>Engine\Graphics\Source</Filter>
    </ClCompile>
    <ClCompile Include="KeyboardEvent.cpp">
      <Filter>Engine\Source Files</Filter>
    </ClCompile>
    <ClCompile Include="MouseEvent.cpp">
      <Filter>Engine\Source Files</Filter>
    </ClCompile>
    <ClCompile Include="AdapterReader.cpp">
      <Filter>Engine\Graphics\Source</Filter>
    </ClCompile>
    <ClCompile Include="Shaders.cpp">
      <Filter>Engine\Graphics\Source</Filter>
    </ClCompile>
    <ClCompile Include="RenderWindow.cpp">
      <Filter>Engine\Source Files</Filter>
    </ClCompile>
    <ClCompile Include="WindowContainer.cpp">
      <Filter>Engine\Source Files</Filter>
    </ClCompile>
    <ClCompile Include="Engine.cpp">
      <Filter>Engine\Source Files</Filter>
    </ClCompile>
    <ClCompile Include="ErrorLogger.cpp">
      <Filter>Engine\Source Files</Filter>
    </ClCompile>
    <ClCompile Include="Camera.cpp">
      <Filter>Engine\Graphics\Source</Filter>
    </ClCompile>
    <ClCompile Include="ImGui\imgui.cpp">
      <Filter>Engine\Graphics\ImGui\Source</Filter>
    </ClCompile>
    <ClCompile Include="ImGui\imgui_draw.cpp">
      <Filter>Engine\Graphics\ImGui\Source</Filter>
    </ClCompile>
    <ClCompile Include="ImGui\imgui_impl_dx11.cpp">
      <Filter>Engine\Graphics\ImGui\Source</Filter>
    </ClCompile>
    <ClCompile Include="ImGui\imgui_impl_win32.cpp">
      <Filter>Engine\Graphics\ImGui\Source</Filter>
    </ClCompile>
    <ClCompile Include="ImGui\imgui_widgets.cpp">
      <Filter>Engine\Graphics\ImGui\Source</Filter>
    </ClCompile>
    <ClCompile Include="ImGui\imgui_demo.cpp">
      <Filter>Engine\Graphics\ImGui\Source</Filter>
    </ClCompile>
    <ClCompile Include="GameObject.cpp">
      <Filter>Engine\Graphics\Source</Filter>
    </ClCompile>
    <ClCompile Include="Mesh.cpp">
      <Filter>Engine\Graphics\Source</Filter>
    </ClCompile>
    <ClCompile Include="Color.cpp">
      <Filter>Engine\Graphics\Source</Filter>
    </ClCompile>
    <ClCompile Include="Texture.cpp">
      <Filter>Engine\Graphics\Source</Filter>
    </ClCompile>
    <ClCompile Include="StringHelper.cpp">
      <Filter>Engine\Source Files</Filter>
    </ClCompile>
    <ClCompile Include="Light.cpp">
      <Filter>Engine\Graphics\Source</Filter>
    </ClCompile>
    <ClCompile Include="FrustumClass.cpp">
      <Filter>Engine\Graphics\Source</Filter>
    </ClCompile>
    <ClCompile Include="RenderTexture.cpp">
      <Filter>Engine\Graphics\Source</Filter>
    </ClCompile>
    <ClCompile Include="Render2D.cpp">
      <Filter>Engine\Graphics\Source</Filter>
    </ClCompile>
    <ClCompile Include="ShadowRenderer.cpp">
      <Filter>Engine\Graphics\Source</Filter>
    </ClCompile>
    <ClCompile Include="DeferredRenderTexture.cpp">
      <Filter>Engine\Graphics\Source</Filter>
    </ClCompile>
    <ClCompile Include="Shapes.cpp">
      <Filter>Engine\Graphics\Source</Filter>
    </ClCompile>
    <ClCompile Include="Animation.cpp">
      <Filter>Engine\Graphics\Source</Filter>
    </ClCompile>
    <ClCompile Include="stb_image.cpp">
      <Filter>Engine\Graphics\Source</Filter>
    </ClCompile>
    <ClCompile Include="MouseClass.cpp">
      <Filter>Engine\Source Files</Filter>
    </ClCompile>
    <ClCompile Include="ModelLoader.cpp">
      <Filter>Engine\Graphics\Source</Filter>
    </ClCompile>
    <ClCompile Include="CharacterController.cpp">
      <Filter>Character\Source</Filter>
    </ClCompile>
    <ClCompile Include="Game.cpp">
      <Filter>Game Folder\Source</Filter>
    </ClCompile>
    <ClCompile Include="PlayerCharacter.cpp">
      <Filter>Game Folder\Source</Filter>
    </ClCompile>
    <ClCompile Include="SaveSystem.cpp">
      <Filter>Engine\Source Files</Filter>
    </ClCompile>
    <ClCompile Include="EnvironmentProbeMap.cpp">
      <Filter>Engine\Graphics\Source</Filter>
    </ClCompile>
    <ClCompile Include="HeightfieldTerrain.cpp">
      <Filter>Engine\Graphics\Source</Filter>
    </ClCompile>
    <ClCompile Include="TerrainCellClass.cpp">
      <Filter>Engine\Graphics\Source</Filter>
    </ClCompile>
    <ClCompile Include="FpsController.cpp">
      <Filter>Game Folder\Source</Filter>
    </ClCompile>
    <ClCompile Include="SoundSystem.cpp">
      <Filter>Engine\Sound\Source</Filter>
    </ClCompile>
    <ClCompile Include="AIController.cpp">
      <Filter>Engine\AI\Source</Filter>
    </ClCompile>
    <ClCompile Include="ParticleObject.cpp">
      <Filter>Engine\Graphics\Source</Filter>
    </ClCompile>
    <ClCompile Include="PostProccessing.cpp">
      <Filter>Engine\Graphics\Source</Filter>
    </ClCompile>
    <ClCompile Include="PhysXDebugDraw.cpp">
      <Filter>Engine\PhysicsEngine\Source</Filter>
    </ClCompile>
    <ClCompile Include="PhysXHandler.cpp">
      <Filter>Engine\PhysicsEngine\Source</Filter>
    </ClCompile>
    <ClCompile Include="PhysXObject.cpp">
      <Filter>Engine\PhysicsEngine\Source</Filter>
    </ClCompile>
    <ClCompile Include="physXCharacterController.cpp">
      <Filter>Engine\PhysicsEngine\Source</Filter>
    </ClCompile>
    <ClCompile Include="ModelViewer.cpp">
      <Filter>Engine\Graphics\Source</Filter>
    </ClCompile>
    <ClCompile Include="ImGui\ImGuiFileBrowser.cpp">
      <Filter>Engine\Graphics\ImGui\Source</Filter>
    </ClCompile>
    <ClCompile Include="UIClass.cpp">
      <Filter>Engine\Graphics\Source</Filter>
    </ClCompile>
    <ClCompile Include="AITask.cpp">
      <Filter>Engine\AI\Source</Filter>
    </ClCompile>
    <ClCompile Include="NavMeshClass.cpp">
      <Filter>Engine\AI\Pathfinding\Source</Filter>
    </ClCompile>
    <ClCompile Include="NodeClass.cpp">
      <Filter>Engine\AI\Pathfinding\Source</Filter>
    </ClCompile>
    <ClCompile Include="GridClass.cpp">
      <Filter>Engine\AI\Pathfinding\Source</Filter>
    </ClCompile>
    <ClCompile Include="Instance.cpp">
      <Filter>Engine\Source Files</Filter>
    </ClCompile>
  </ItemGroup>
  <ItemGroup>
    <ClInclude Include="Keyboard.h">
      <Filter>Engine\Header Files</Filter>
    </ClInclude>
    <ClInclude Include="AppTimer.h">
      <Filter>Engine\Header Files</Filter>
    </ClInclude>
    <ClInclude Include="Graphics.h">
      <Filter>Engine\Graphics\Header</Filter>
    </ClInclude>
    <ClInclude Include="KeyboardEvent.h">
      <Filter>Engine\Header Files</Filter>
    </ClInclude>
    <ClInclude Include="MouseEvent.h">
      <Filter>Engine\Header Files</Filter>
    </ClInclude>
    <ClInclude Include="AdapterReader.h">
      <Filter>Engine\Graphics\Header</Filter>
    </ClInclude>
    <ClInclude Include="Vertex.h">
      <Filter>Engine\Graphics\Header</Filter>
    </ClInclude>
    <ClInclude Include="Shaders.h">
      <Filter>Engine\Graphics\Header</Filter>
    </ClInclude>
    <ClInclude Include="RenderWindow.h">
      <Filter>Engine\Header Files</Filter>
    </ClInclude>
    <ClInclude Include="WindowContainer.h">
      <Filter>Engine\Header Files</Filter>
    </ClInclude>
    <ClInclude Include="Engine.h">
      <Filter>Engine\Header Files</Filter>
    </ClInclude>
    <ClInclude Include="ErrorLogger.h">
      <Filter>Engine\Header Files</Filter>
    </ClInclude>
    <ClInclude Include="VertexBuffer.h">
      <Filter>Engine\Graphics\Header</Filter>
    </ClInclude>
    <ClInclude Include="IndicesBuffer.h">
      <Filter>Engine\Graphics\Header</Filter>
    </ClInclude>
    <ClInclude Include="ConstantBufferTypes.h">
      <Filter>Engine\Graphics\Header</Filter>
    </ClInclude>
    <ClInclude Include="ConstantBuffer.h">
      <Filter>Engine\Graphics\Header</Filter>
    </ClInclude>
    <ClInclude Include="Camera.h">
      <Filter>Engine\Graphics\Header</Filter>
    </ClInclude>
    <ClInclude Include="ImGui\imconfig.h">
      <Filter>Engine\Graphics\ImGui\Header</Filter>
    </ClInclude>
    <ClInclude Include="ImGui\imgui.h">
      <Filter>Engine\Graphics\ImGui\Header</Filter>
    </ClInclude>
    <ClInclude Include="ImGui\imgui_impl_dx11.h">
      <Filter>Engine\Graphics\ImGui\Header</Filter>
    </ClInclude>
    <ClInclude Include="ImGui\imgui_impl_win32.h">
      <Filter>Engine\Graphics\ImGui\Header</Filter>
    </ClInclude>
    <ClInclude Include="ImGui\imgui_internal.h">
      <Filter>Engine\Graphics\ImGui\Header</Filter>
    </ClInclude>
    <ClInclude Include="ImGui\imstb_rectpack.h">
      <Filter>Engine\Graphics\ImGui\Header</Filter>
    </ClInclude>
    <ClInclude Include="ImGui\imstb_textedit.h">
      <Filter>Engine\Graphics\ImGui\Header</Filter>
    </ClInclude>
    <ClInclude Include="ImGui\imstb_truetype.h">
      <Filter>Engine\Graphics\ImGui\Header</Filter>
    </ClInclude>
    <ClInclude Include="COMException.h">
      <Filter>Engine\Graphics\Header</Filter>
    </ClInclude>
    <ClInclude Include="GameObject.h">
      <Filter>Engine\Graphics\Header</Filter>
    </ClInclude>
    <ClInclude Include="Mesh.h">
      <Filter>Engine\Graphics\Header</Filter>
    </ClInclude>
    <ClInclude Include="Color.h">
      <Filter>Engine\Graphics\Header</Filter>
    </ClInclude>
    <ClInclude Include="Texture.h">
      <Filter>Engine\Graphics\Header</Filter>
    </ClInclude>
    <ClInclude Include="StringHelper.h">
      <Filter>Engine\Header Files</Filter>
    </ClInclude>
    <ClInclude Include="Light.h">
      <Filter>Engine\Graphics\Header</Filter>
    </ClInclude>
    <ClInclude Include="FrustumClass.h">
      <Filter>Engine\Graphics\Header</Filter>
    </ClInclude>
    <ClInclude Include="RenderTexture.h">
      <Filter>Engine\Graphics\Header</Filter>
    </ClInclude>
    <ClInclude Include="Render2D.h">
      <Filter>Engine\Graphics\Header</Filter>
    </ClInclude>
    <ClInclude Include="ShadowRenderer.h">
      <Filter>Engine\Graphics\Header</Filter>
    </ClInclude>
    <ClInclude Include="GraphicsVariables.h">
      <Filter>Engine\Graphics\Header</Filter>
    </ClInclude>
    <ClInclude Include="DeferredRenderTexture.h">
      <Filter>Engine\Graphics\Header</Filter>
    </ClInclude>
    <ClInclude Include="Shapes.h">
      <Filter>Engine\Graphics\Header</Filter>
    </ClInclude>
    <ClInclude Include="VertexBoneData.h">
      <Filter>Engine\Graphics\Header</Filter>
    </ClInclude>
    <ClInclude Include="Animation.h">
      <Filter>Engine\Graphics\Header</Filter>
    </ClInclude>
    <ClInclude Include="stb_image.h">
      <Filter>Engine\Graphics\Header</Filter>
    </ClInclude>
    <ClInclude Include="MouseClass.h">
      <Filter>Engine\Header Files</Filter>
    </ClInclude>
    <ClInclude Include="ModelLoader.h">
      <Filter>Engine\Graphics\Header</Filter>
    </ClInclude>
    <ClInclude Include="CharacterController.h">
      <Filter>Character\Header</Filter>
    </ClInclude>
    <ClInclude Include="EngineVariables.h">
      <Filter>Engine\Header Files</Filter>
    </ClInclude>
    <ClInclude Include="Game.h">
      <Filter>Game Folder\Header</Filter>
    </ClInclude>
    <ClInclude Include="PlayerCharacter.h">
      <Filter>Game Folder\Header</Filter>
    </ClInclude>
    <ClInclude Include="SaveSystem.h">
      <Filter>Engine\Header Files</Filter>
    </ClInclude>
    <ClInclude Include="EnvironmentProbeMap.h">
      <Filter>Engine\Graphics\Header</Filter>
    </ClInclude>
    <ClInclude Include="HeightfieldTerrain.h">
      <Filter>Engine\Graphics\Header</Filter>
    </ClInclude>
    <ClInclude Include="TerrainCellClass.h">
      <Filter>Engine\Graphics\Header</Filter>
    </ClInclude>
    <ClInclude Include="FpsController.h">
      <Filter>Game Folder\Header</Filter>
    </ClInclude>
    <ClInclude Include="SoundSystem.h">
      <Filter>Engine\Sound\Header</Filter>
    </ClInclude>
    <ClInclude Include="AIController.h">
      <Filter>Engine\AI\Header</Filter>
    </ClInclude>
    <ClInclude Include="ParticleObject.h">
      <Filter>Engine\Graphics\Header</Filter>
    </ClInclude>
    <ClInclude Include="InputVariables.h">
      <Filter>Engine\Header Files</Filter>
    </ClInclude>
    <ClInclude Include="PostProccessing.h">
      <Filter>Engine\Graphics\Header</Filter>
    </ClInclude>
    <ClInclude Include="PhysXDebugDraw.h">
      <Filter>Engine\PhysicsEngine\Header Files</Filter>
    </ClInclude>
    <ClInclude Include="PhysXHandler.h">
      <Filter>Engine\PhysicsEngine\Header Files</Filter>
    </ClInclude>
    <ClInclude Include="PhysXObject.h">
      <Filter>Engine\PhysicsEngine\Header Files</Filter>
    </ClInclude>
    <ClInclude Include="PxDefaultAllocator.h">
      <Filter>Engine\PhysicsEngine\Header Files</Filter>
    </ClInclude>
    <ClInclude Include="PxDefaultErrorCallback.h">
      <Filter>Engine\PhysicsEngine\Header Files</Filter>
    </ClInclude>
    <ClInclude Include="physXCharacterController.h">
      <Filter>Engine\PhysicsEngine\Header Files</Filter>
    </ClInclude>
    <ClInclude Include="ModelViewer.h">
      <Filter>Engine\Graphics\Header</Filter>
    </ClInclude>
    <ClInclude Include="ImGui\Dirent\dirent.h">
      <Filter>Engine\Graphics\ImGui\Header</Filter>
    </ClInclude>
    <ClInclude Include="ImGui\ImGuiFileBrowser.h">
      <Filter>Engine\Graphics\ImGui\Header</Filter>
    </ClInclude>
    <ClInclude Include="UIClass.h">
      <Filter>Engine\Graphics\Header</Filter>
    </ClInclude>
    <ClInclude Include="AITask.h">
      <Filter>Engine\AI\Header</Filter>
    </ClInclude>
    <ClInclude Include="NavMeshClass.h">
      <Filter>Engine\AI\Pathfinding\Header</Filter>
    </ClInclude>
    <ClInclude Include="NodeClass.h">
      <Filter>Engine\AI\Pathfinding\Header</Filter>
    </ClInclude>
    <ClInclude Include="GridClass.h">
      <Filter>Engine\AI\Pathfinding\Header</Filter>
    </ClInclude>
    <ClInclude Include="InstanceBuffer.h">
      <Filter>Engine\Graphics\Header</Filter>
    </ClInclude>
    <ClInclude Include="Instance.h">
      <Filter>Engine\Graphics\Header</Filter>
    </ClInclude>
  </ItemGroup>
  <ItemGroup>
    <FxCompile Include="AnimatedPbrVS.hlsl">
      <Filter>Shader\VS</Filter>
    </FxCompile>
    <FxCompile Include="AnimatedVS.hlsl">
      <Filter>Shader\VS</Filter>
    </FxCompile>
    <FxCompile Include="depthVertexShader.hlsl">
      <Filter>Shader\VS</Filter>
    </FxCompile>
    <FxCompile Include="DirectionalLightVS.hlsl">
      <Filter>Shader\VS</Filter>
    </FxCompile>
    <FxCompile Include="FPSanimatedVS.hlsl">
      <Filter>Shader\VS</Filter>
    </FxCompile>
    <FxCompile Include="FPScameraVS.hlsl">
      <Filter>Shader\VS</Filter>
    </FxCompile>
    <FxCompile Include="HorizontalBlurVS.hlsl">
      <Filter>Shader\VS</Filter>
    </FxCompile>
    <FxCompile Include="ShaderTextureVS.hlsl">
      <Filter>Shader\VS</Filter>
    </FxCompile>
    <FxCompile Include="skyVS.hlsl">
      <Filter>Shader\VS</Filter>
    </FxCompile>
    <FxCompile Include="SoftShadowVS.hlsl">
      <Filter>Shader\VS</Filter>
    </FxCompile>
    <FxCompile Include="TerrainDepthVS.hlsl">
      <Filter>Shader\VS</Filter>
    </FxCompile>
    <FxCompile Include="TerrainVS.hlsl">
      <Filter>Shader\VS</Filter>
    </FxCompile>
    <FxCompile Include="VerticalBlurVS.hlsl">
      <Filter>Shader\VS</Filter>
    </FxCompile>
    <FxCompile Include="WaterVS.hlsl">
      <Filter>Shader\VS</Filter>
    </FxCompile>
    <FxCompile Include="BloomBrightColorPS.hlsl">
      <Filter>Shader\PS</Filter>
    </FxCompile>
    <FxCompile Include="BloomLightPS.hlsl">
      <Filter>Shader\PS</Filter>
    </FxCompile>
    <FxCompile Include="CubemapPS.hlsl">
      <Filter>Shader\PS</Filter>
    </FxCompile>
    <FxCompile Include="depthPixelShader.hlsl">
      <Filter>Shader\PS</Filter>
    </FxCompile>
    <FxCompile Include="DepthShaderAnimPS.hlsl">
      <Filter>Shader\PS</Filter>
    </FxCompile>
    <FxCompile Include="DirectionalLightPS.hlsl">
      <Filter>Shader\PS</Filter>
    </FxCompile>
    <FxCompile Include="EquirectangularToCubemap.hlsl">
      <Filter>Shader\PS</Filter>
    </FxCompile>
    <FxCompile Include="FPScameraPS.hlsl">
      <Filter>Shader\PS</Filter>
    </FxCompile>
    <FxCompile Include="HorizontalBlurPS.hlsl">
      <Filter>Shader\PS</Filter>
    </FxCompile>
    <FxCompile Include="lightPS.hlsl">
      <Filter>Shader\PS</Filter>
    </FxCompile>
    <FxCompile Include="ParticlesPS.hlsl">
      <Filter>Shader\PS</Filter>
    </FxCompile>
    <FxCompile Include="pbrPS.hlsl">
      <Filter>Shader\PS</Filter>
    </FxCompile>
    <FxCompile Include="PixelShader_noLight.hlsl">
      <Filter>Shader\PS</Filter>
    </FxCompile>
    <FxCompile Include="PixelShaderEx.hlsl">
      <Filter>Shader\PS</Filter>
    </FxCompile>
    <FxCompile Include="ShaderTexture.hlsl">
      <Filter>Shader\PS</Filter>
    </FxCompile>
    <FxCompile Include="ShadowAnimPS.hlsl">
      <Filter>Shader\PS</Filter>
    </FxCompile>
    <FxCompile Include="Shadows.hlsl">
      <Filter>Shader\PS</Filter>
    </FxCompile>
    <FxCompile Include="SkyBloomPS.hlsl">
      <Filter>Shader\PS</Filter>
    </FxCompile>
    <FxCompile Include="SkyPS.hlsl">
      <Filter>Shader\PS</Filter>
    </FxCompile>
    <FxCompile Include="SoftShadowsPS.hlsl">
      <Filter>Shader\PS</Filter>
    </FxCompile>
    <FxCompile Include="VertexShaderEx.hlsl">
      <Filter>Shader\VS</Filter>
    </FxCompile>
    <FxCompile Include="WaterPS.hlsl">
      <Filter>Shader\PS</Filter>
    </FxCompile>
    <FxCompile Include="WaterBloomPS.hlsl">
      <Filter>Shader\PS</Filter>
    </FxCompile>
    <FxCompile Include="TerrainPS.hlsl">
      <Filter>Shader\PS</Filter>
    </FxCompile>
    <FxCompile Include="VerticalBlurPS.hlsl">
      <Filter>Shader\PS</Filter>
    </FxCompile>
    <FxCompile Include="DepthAnimVS.hlsl">
      <Filter>Shader\VS</Filter>
    </FxCompile>
    <FxCompile Include="ShadowAnimVS.hlsl">
      <Filter>Shader\VS</Filter>
    </FxCompile>
    <FxCompile Include="ShadowVS.hlsl">
      <Filter>Shader\VS</Filter>
    </FxCompile>
    <FxCompile Include="MaterialPS.hlsl">
      <Filter>Shader\PS</Filter>
    </FxCompile>
    <FxCompile Include="Material2PS.hlsl">
      <Filter>Shader\PS</Filter>
    </FxCompile>
    <FxCompile Include="Material3PS.hlsl">
      <Filter>Shader\PS</Filter>
    </FxCompile>
    <FxCompile Include="ComputeShader.hlsl">
      <Filter>Shader\Compute</Filter>
    </FxCompile>
    <FxCompile Include="GbufferPS.hlsl">
      <Filter>Shader\PS</Filter>
    </FxCompile>
    <FxCompile Include="DeferredVS.hlsl">
      <Filter>Shader\VS</Filter>
    </FxCompile>
    <FxCompile Include="DeferredPS.hlsl">
      <Filter>Shader\PS</Filter>
    </FxCompile>
    <FxCompile Include="SSAOVS.hlsl">
      <Filter>Shader\VS</Filter>
    </FxCompile>
    <FxCompile Include="SSAOPS.hlsl">
      <Filter>Shader\PS</Filter>
    </FxCompile>
    <FxCompile Include="ssrPS.hlsl">
      <Filter>Shader\PS</Filter>
    </FxCompile>
    <FxCompile Include="ssrVS.hlsl">
      <Filter>Shader\VS</Filter>
    </FxCompile>
    <FxCompile Include="IrradianceConvolutionPS.hlsl">
      <Filter>Shader\PS</Filter>
    </FxCompile>
    <FxCompile Include="PrifilterPS.hlsl">
      <Filter>Shader\PS</Filter>
    </FxCompile>
    <FxCompile Include="BrdfPS.hlsl">
      <Filter>Shader\PS</Filter>
    </FxCompile>
    <FxCompile Include="EnvironmentPS.hlsl">
      <Filter>Shader\PS</Filter>
    </FxCompile>
    <FxCompile Include="TransparentPbrPS.hlsl">
      <Filter>Shader\PS</Filter>
    </FxCompile>
    <FxCompile Include="PostProccessPS.hlsl">
      <Filter>Shader\PS</Filter>
    </FxCompile>
    <FxCompile Include="DebugPS.hlsl">
      <Filter>Shader\PS</Filter>
    </FxCompile>
    <FxCompile Include="EnvironmentTransparentPS.hlsl">
      <Filter>Shader\PS</Filter>
    </FxCompile>
  </ItemGroup>
  <ItemGroup>
    <Text Include="TODOS.txt" />
  </ItemGroup>
  <ItemGroup>
    <None Include="ShaderSettings.hlsli">
      <Filter>Shader\HLSLI</Filter>
    </None>
  </ItemGroup>
</Project>